
Microsoft Visual Studio Solution File, Format Version 12.00
# Visual Studio Version 16
VisualStudioVersion = 16.0.30128.74
MinimumVisualStudioVersion = 10.0.40219.1
Project("{FAE04EC0-301F-11D3-BF4B-00C04F79EFBC}") = "CircularReference", "CircularReference.csproj", "{DC7F1C8C-414F-4730-BFB7-C1F474AE3408}"
EndProject
Global
	GlobalSection(SolutionConfigurationPlatforms) = preSolution
		Debug|Any CPU = Debug|Any CPU
		Release|Any CPU = Release|Any CPU
	EndGlobalSection
	GlobalSection(ProjectConfigurationPlatforms) = postSolution
		{DC7F1C8C-414F-4730-BFB7-C1F474AE3408}.Debug|Any CPU.ActiveCfg = Debug|Any CPU
		{DC7F1C8C-414F-4730-BFB7-C1F474AE3408}.Debug|Any CPU.Build.0 = Debug|Any CPU
		{DC7F1C8C-414F-4730-BFB7-C1F474AE3408}.Release|Any CPU.ActiveCfg = Release|Any CPU
		{DC7F1C8C-414F-4730-BFB7-C1F474AE3408}.Release|Any CPU.Build.0 = Release|Any CPU
	EndGlobalSection
	GlobalSection(SolutionProperties) = preSolution
		HideSolutionNode = FALSE
	EndGlobalSection
	GlobalSection(ExtensibilityGlobals) = postSolution
		SolutionGuid = {EBBE577F-EFB9-425C-961E-81E7D735C44E}
	EndGlobalSection
EndGlobal
